<?xml version="1.0" encoding="utf-8"?>
<Project ToolsVersion="4.0" xmlns="http://schemas.microsoft.com/developer/msbuild/2003">
  <ItemGroup>
    <Filter Include="shaders">
      <UniqueIdentifier>{79375364-62fc-49bc-8afd-c7bf6c647513}</UniqueIdentifier>
    </Filter>
    <Filter Include="src">
      <UniqueIdentifier>{4FC737F1-C7A5-4376-A066-2A32D752A2FF}</UniqueIdentifier>
      <Extensions>cpp;c;cc;cxx;c++;cppm;ixx;def;odl;idl;hpj;bat;asm;asmx</Extensions>
    </Filter>
    <Filter Include="res">
      <UniqueIdentifier>{67DA6AB6-F800-4c08-8B7A-83BB121AAD01}</UniqueIdentifier>
      <Extensions>rc;ico;cur;bmp;dlg;rc2;rct;bin;rgs;gif;jpg;jpeg;jpe;resx;tiff;tif;png;wav;mfcribbon-ms</Extensions>
    </Filter>
    <Filter Include="src\systems">
      <UniqueIdentifier>{73a05ce7-e9f9-4fee-bd46-d15730ba63d8}</UniqueIdentifier>
    </Filter>
  </ItemGroup>
  <ItemGroup>
    <None Include="shaders\simple_shader.frag">
      <Filter>shaders</Filter>
    </None>
    <None Include="shaders\simple_shader.frag.spv">
      <Filter>shaders</Filter>
    </None>
    <None Include="shaders\simple_shader.vert">
      <Filter>shaders</Filter>
    </None>
    <None Include="shaders\simple_shader.vert.spv">
      <Filter>shaders</Filter>
    </None>
    <None Include="compile_shaders.bat">
      <Filter>shaders</Filter>
    </None>
    <None Include="shaders\point_light.frag">
      <Filter>shaders</Filter>
    </None>
    <None Include="shaders\point_light.vert">
      <Filter>shaders</Filter>
    </None>
  </ItemGroup>
  <ItemGroup>
    <ClCompile Include="src\first_app.cpp">
      <Filter>src</Filter>
    </ClCompile>
    <ClCompile Include="src\keyboard_movement_controller.cpp">
      <Filter>src</Filter>
    </ClCompile>
    <ClCompile Include="src\main.cpp">
      <Filter>src</Filter>
    </ClCompile>
    <ClCompile Include="src\nate_buffer.cpp">
      <Filter>src</Filter>
    </ClCompile>
    <ClCompile Include="src\nate_camera.cpp">
      <Filter>src</Filter>
    </ClCompile>
    <ClCompile Include="src\nate_descriptors.cpp">
      <Filter>src</Filter>
    </ClCompile>
    <ClCompile Include="src\nate_device.cpp">
      <Filter>src</Filter>
    </ClCompile>
    <ClCompile Include="src\nate_game_object.cpp">
      <Filter>src</Filter>
    </ClCompile>
    <ClCompile Include="src\nate_model.cpp">
      <Filter>src</Filter>
    </ClCompile>
    <ClCompile Include="src\nate_pipeline.cpp">
      <Filter>src</Filter>
    </ClCompile>
    <ClCompile Include="src\nate_renderer.cpp">
      <Filter>src</Filter>
    </ClCompile>
    <ClCompile Include="src\nate_swap_chain.cpp">
      <Filter>src</Filter>
    </ClCompile>
    <ClCompile Include="src\nate_window.cpp">
      <Filter>src</Filter>
    </ClCompile>
    <ClCompile Include="src\point_light_system.cpp">
      <Filter>src\systems</Filter>
    </ClCompile>
    <ClCompile Include="src\simple_render_system.cpp">
      <Filter>src\systems</Filter>
    </ClCompile>
  </ItemGroup>
  <ItemGroup>
    <ClInclude Include="src\first_app.hpp">
      <Filter>src</Filter>
    </ClInclude>
    <ClInclude Include="src\keyboard_movement_controller.hpp">
      <Filter>src</Filter>
    </ClInclude>
    <ClInclude Include="src\nate_buffer.hpp">
      <Filter>src</Filter>
    </ClInclude>
    <ClInclude Include="src\nate_camera.hpp">
      <Filter>src</Filter>
    </ClInclude>
    <ClInclude Include="src\nate_descriptors.hpp">
      <Filter>src</Filter>
    </ClInclude>
    <ClInclude Include="src\nate_device.hpp">
      <Filter>src</Filter>
    </ClInclude>
    <ClInclude Include="src\nate_frame_info.hpp">
      <Filter>src</Filter>
    </ClInclude>
    <ClInclude Include="src\nate_game_object.hpp">
      <Filter>src</Filter>
    </ClInclude>
    <ClInclude Include="src\nate_model.hpp">
      <Filter>src</Filter>
    </ClInclude>
    <ClInclude Include="src\nate_pipeline.hpp">
      <Filter>src</Filter>
    </ClInclude>
    <ClInclude Include="src\nate_renderer.hpp">
      <Filter>src</Filter>
    </ClInclude>
    <ClInclude Include="src\nate_swap_chain.hpp">
      <Filter>src</Filter>
    </ClInclude>
    <ClInclude Include="src\nate_utils.hpp">
      <Filter>src</Filter>
    </ClInclude>
    <ClInclude Include="src\nate_window.hpp">
      <Filter>src</Filter>
    </ClInclude>
    <ClInclude Include="src\point_light_system.hpp">
      <Filter>src\systems</Filter>
    </ClInclude>
    <ClInclude Include="src\simple_render_system.hpp">
      <Filter>src\systems</Filter>
    </ClInclude>
  </ItemGroup>
</Project>